
Microsoft Visual Studio Solution File, Format Version 12.00
# Visual Studio Version 17
VisualStudioVersion = 17.5.002.0
MinimumVisualStudioVersion = 10.0.40219.1
Project("{2150E333-8FDC-42A3-9474-1A3956D46DE8}") = "packages", "packages", "{90A2E5AD-6260-4F3E-BAFB-09E9284AB304}"
EndProject
Project("{2150E333-8FDC-42A3-9474-1A3956D46DE8}") = "csharp", "csharp", "{D9673B28-92D4-4639-ACB5-A4FA6E0851CF}"
EndProject
Project("{9A19103F-16F7-4668-BE54-9A1E7A4F7556}") = "MinimalApi", "packages\csharp\MinimalApi\MinimalApi.csproj", "{9FCD32B9-9E7C-4AAE-A9D2-DF6342198594}"
EndProject
Global
	GlobalSection(SolutionConfigurationPlatforms) = preSolution
		Debug|Any CPU = Debug|Any CPU
		Release|Any CPU = Release|Any CPU
	EndGlobalSection
	GlobalSection(ProjectConfigurationPlatforms) = postSolution
		{9FCD32B9-9E7C-4AAE-A9D2-DF6342198594}.Debug|Any CPU.ActiveCfg = Debug|Any CPU
		{9FCD32B9-9E7C-4AAE-A9D2-DF6342198594}.Debug|Any CPU.Build.0 = Debug|Any CPU
		{9FCD32B9-9E7C-4AAE-A9D2-DF6342198594}.Release|Any CPU.ActiveCfg = Release|Any CPU
		{9FCD32B9-9E7C-4AAE-A9D2-DF6342198594}.Release|Any CPU.Build.0 = Release|Any CPU
	EndGlobalSection
	GlobalSection(SolutionProperties) = preSolution
		HideSolutionNode = FALSE
	EndGlobalSection
	GlobalSection(NestedProjects) = preSolution
		{D9673B28-92D4-4639-ACB5-A4FA6E0851CF} = {90A2E5AD-6260-4F3E-BAFB-09E9284AB304}
		{9FCD32B9-9E7C-4AAE-A9D2-DF6342198594} = {D9673B28-92D4-4639-ACB5-A4FA6E0851CF}
	EndGlobalSection
	GlobalSection(ExtensibilityGlobals) = postSolution
		SolutionGuid = {2C348B7C-100B-44D2-A458-BC2F24438502}
	EndGlobalSection
EndGlobal
