lockfileVersion: '6.0'

settings:
  autoInstallPeers: true
  excludeLinksFromLockfile: false

dependencies:
  hono:
    specifier: ^4.1.5
    version: 4.1.5

packages:

  /hono@4.1.5:
    resolution: {integrity: sha512-3ChJiIoeCxvkt6vnkxJagplrt1YZg3NyNob7ssVeK2PUqEINp4q1F94HzFnvY9QE8asVmbW5kkTDlyWylfg2vg==}
    engines: {node: '>=16.0.0'}
    dev: false
